// !$*UTF8*$!
{
	archiveVersion = 1;
	classes = {
	};
	objectVersion = 46;
	objects = {

/* Begin PBXBuildFile section */
		64AA3AE014E61BE0A14344BD /* Pods_In_Moment.framework in Frameworks */ = {isa = PBXBuildFile; fileRef = 4EC34076222D1D1F5FFF1971 /* Pods_In_Moment.framework */; };
		914166AC1C72AF9100229962 /* DataService.swift in Sources */ = {isa = PBXBuildFile; fileRef = 914166AB1C72AF9100229962 /* DataService.swift */; };
		91A30EBF1C717EED00491BE1 /* AppDelegate.swift in Sources */ = {isa = PBXBuildFile; fileRef = 91A30EBE1C717EED00491BE1 /* AppDelegate.swift */; };
		91A30EC11C717EED00491BE1 /* ViewController.swift in Sources */ = {isa = PBXBuildFile; fileRef = 91A30EC01C717EED00491BE1 /* ViewController.swift */; };
		91A30EC41C717EED00491BE1 /* Main.storyboard in Resources */ = {isa = PBXBuildFile; fileRef = 91A30EC21C717EED00491BE1 /* Main.storyboard */; };
		91A30EC61C717EED00491BE1 /* Assets.xcassets in Resources */ = {isa = PBXBuildFile; fileRef = 91A30EC51C717EED00491BE1 /* Assets.xcassets */; };
		91A30EC91C717EED00491BE1 /* LaunchScreen.storyboard in Resources */ = {isa = PBXBuildFile; fileRef = 91A30EC71C717EED00491BE1 /* LaunchScreen.storyboard */; };
		91A30ED41C717EEE00491BE1 /* In_MomentTests.swift in Sources */ = {isa = PBXBuildFile; fileRef = 91A30ED31C717EEE00491BE1 /* In_MomentTests.swift */; };
		91A30EDF1C717EEE00491BE1 /* In_MomentUITests.swift in Sources */ = {isa = PBXBuildFile; fileRef = 91A30EDE1C717EEE00491BE1 /* In_MomentUITests.swift */; };
		91A30EF41C717FE700491BE1 /* NotoSans-Bold.ttf in Resources */ = {isa = PBXBuildFile; fileRef = 91A30EF01C717FE700491BE1 /* NotoSans-Bold.ttf */; };
		91A30EF51C717FE700491BE1 /* NotoSans-BoldItalic.ttf in Resources */ = {isa = PBXBuildFile; fileRef = 91A30EF11C717FE700491BE1 /* NotoSans-BoldItalic.ttf */; };
		91A30EF61C717FE700491BE1 /* NotoSans-Italic.ttf in Resources */ = {isa = PBXBuildFile; fileRef = 91A30EF21C717FE700491BE1 /* NotoSans-Italic.ttf */; };
		91A30EF71C717FE700491BE1 /* NotoSans-Regular.ttf in Resources */ = {isa = PBXBuildFile; fileRef = 91A30EF31C717FE700491BE1 /* NotoSans-Regular.ttf */; };
		91A30EF91C71849200491BE1 /* MaterialView.swift in Sources */ = {isa = PBXBuildFile; fileRef = 91A30EF81C71849200491BE1 /* MaterialView.swift */; };
		91A30EFC1C7185B300491BE1 /* Constants.swift in Sources */ = {isa = PBXBuildFile; fileRef = 91A30EFB1C7185B300491BE1 /* Constants.swift */; };
		91A30EFE1C718CA100491BE1 /* MaterialButton.swift in Sources */ = {isa = PBXBuildFile; fileRef = 91A30EFD1C718CA100491BE1 /* MaterialButton.swift */; };
		91A30F001C7194E200491BE1 /* MaterialTextField.swift in Sources */ = {isa = PBXBuildFile; fileRef = 91A30EFF1C7194E200491BE1 /* MaterialTextField.swift */; };
		91A30F051C719F2C00491BE1 /* Bolts.framework in Frameworks */ = {isa = PBXBuildFile; fileRef = 91A30F021C719F2C00491BE1 /* Bolts.framework */; };
		91A30F061C719F2C00491BE1 /* FBSDKCoreKit.framework in Frameworks */ = {isa = PBXBuildFile; fileRef = 91A30F031C719F2C00491BE1 /* FBSDKCoreKit.framework */; };
		91A30F071C719F2C00491BE1 /* FBSDKLoginKit.framework in Frameworks */ = {isa = PBXBuildFile; fileRef = 91A30F041C719F2C00491BE1 /* FBSDKLoginKit.framework */; };
/* End PBXBuildFile section */

/* Begin PBXContainerItemProxy section */
		91A30ED01C717EEE00491BE1 /* PBXContainerItemProxy */ = {
			isa = PBXContainerItemProxy;
			containerPortal = 91A30EB31C717EED00491BE1 /* Project object */;
			proxyType = 1;
			remoteGlobalIDString = 91A30EBA1C717EED00491BE1;
			remoteInfo = "In Moment";
		};
		91A30EDB1C717EEE00491BE1 /* PBXContainerItemProxy */ = {
			isa = PBXContainerItemProxy;
			containerPortal = 91A30EB31C717EED00491BE1 /* Project object */;
			proxyType = 1;
			remoteGlobalIDString = 91A30EBA1C717EED00491BE1;
			remoteInfo = "In Moment";
		};
/* End PBXContainerItemProxy section */

/* Begin PBXFileReference section */
		4D09CA006CE2E363811D474B /* Pods-In Moment.debug.xcconfig */ = {isa = PBXFileReference; includeInIndex = 1; lastKnownFileType = text.xcconfig; name = "Pods-In Moment.debug.xcconfig"; path = "Pods/Target Support Files/Pods-In Moment/Pods-In Moment.debug.xcconfig"; sourceTree = "<group>"; };
		4EC34076222D1D1F5FFF1971 /* Pods_In_Moment.framework */ = {isa = PBXFileReference; explicitFileType = wrapper.framework; includeInIndex = 0; path = Pods_In_Moment.framework; sourceTree = BUILT_PRODUCTS_DIR; };
		7DCB4BAF2AE2946C319D0D07 /* Pods-In Moment.release.xcconfig */ = {isa = PBXFileReference; includeInIndex = 1; lastKnownFileType = text.xcconfig; name = "Pods-In Moment.release.xcconfig"; path = "Pods/Target Support Files/Pods-In Moment/Pods-In Moment.release.xcconfig"; sourceTree = "<group>"; };
		914166AB1C72AF9100229962 /* DataService.swift */ = {isa = PBXFileReference; fileEncoding = 4; lastKnownFileType = sourcecode.swift; path = DataService.swift; sourceTree = "<group>"; };
		91A30EBB1C717EED00491BE1 /* In Moment.app */ = {isa = PBXFileReference; explicitFileType = wrapper.application; includeInIndex = 0; path = "In Moment.app"; sourceTree = BUILT_PRODUCTS_DIR; };
		91A30EBE1C717EED00491BE1 /* AppDelegate.swift */ = {isa = PBXFileReference; lastKnownFileType = sourcecode.swift; path = AppDelegate.swift; sourceTree = "<group>"; };
		91A30EC01C717EED00491BE1 /* ViewController.swift */ = {isa = PBXFileReference; lastKnownFileType = sourcecode.swift; path = ViewController.swift; sourceTree = "<group>"; };
		91A30EC31C717EED00491BE1 /* Base */ = {isa = PBXFileReference; lastKnownFileType = file.storyboard; name = Base; path = Base.lproj/Main.storyboard; sourceTree = "<group>"; };
		91A30EC51C717EED00491BE1 /* Assets.xcassets */ = {isa = PBXFileReference; lastKnownFileType = folder.assetcatalog; path = Assets.xcassets; sourceTree = "<group>"; };
		91A30EC81C717EED00491BE1 /* Base */ = {isa = PBXFileReference; lastKnownFileType = file.storyboard; name = Base; path = Base.lproj/LaunchScreen.storyboard; sourceTree = "<group>"; };
		91A30ECA1C717EED00491BE1 /* Info.plist */ = {isa = PBXFileReference; lastKnownFileType = text.plist.xml; path = Info.plist; sourceTree = "<group>"; };
		91A30ECF1C717EEE00491BE1 /* In MomentTests.xctest */ = {isa = PBXFileReference; explicitFileType = wrapper.cfbundle; includeInIndex = 0; path = "In MomentTests.xctest"; sourceTree = BUILT_PRODUCTS_DIR; };
		91A30ED31C717EEE00491BE1 /* In_MomentTests.swift */ = {isa = PBXFileReference; lastKnownFileType = sourcecode.swift; path = In_MomentTests.swift; sourceTree = "<group>"; };
		91A30ED51C717EEE00491BE1 /* Info.plist */ = {isa = PBXFileReference; lastKnownFileType = text.plist.xml; path = Info.plist; sourceTree = "<group>"; };
		91A30EDA1C717EEE00491BE1 /* In MomentUITests.xctest */ = {isa = PBXFileReference; explicitFileType = wrapper.cfbundle; includeInIndex = 0; path = "In MomentUITests.xctest"; sourceTree = BUILT_PRODUCTS_DIR; };
		91A30EDE1C717EEE00491BE1 /* In_MomentUITests.swift */ = {isa = PBXFileReference; lastKnownFileType = sourcecode.swift; path = In_MomentUITests.swift; sourceTree = "<group>"; };
		91A30EE01C717EEE00491BE1 /* Info.plist */ = {isa = PBXFileReference; lastKnownFileType = text.plist.xml; path = Info.plist; sourceTree = "<group>"; };
		91A30EF01C717FE700491BE1 /* NotoSans-Bold.ttf */ = {isa = PBXFileReference; lastKnownFileType = file; path = "NotoSans-Bold.ttf"; sourceTree = "<group>"; };
		91A30EF11C717FE700491BE1 /* NotoSans-BoldItalic.ttf */ = {isa = PBXFileReference; lastKnownFileType = file; path = "NotoSans-BoldItalic.ttf"; sourceTree = "<group>"; };
		91A30EF21C717FE700491BE1 /* NotoSans-Italic.ttf */ = {isa = PBXFileReference; lastKnownFileType = file; path = "NotoSans-Italic.ttf"; sourceTree = "<group>"; };
		91A30EF31C717FE700491BE1 /* NotoSans-Regular.ttf */ = {isa = PBXFileReference; lastKnownFileType = file; path = "NotoSans-Regular.ttf"; sourceTree = "<group>"; };
		91A30EF81C71849200491BE1 /* MaterialView.swift */ = {isa = PBXFileReference; fileEncoding = 4; lastKnownFileType = sourcecode.swift; path = MaterialView.swift; sourceTree = "<group>"; };
		91A30EFB1C7185B300491BE1 /* Constants.swift */ = {isa = PBXFileReference; fileEncoding = 4; lastKnownFileType = sourcecode.swift; path = Constants.swift; sourceTree = "<group>"; };
		91A30EFD1C718CA100491BE1 /* MaterialButton.swift */ = {isa = PBXFileReference; fileEncoding = 4; lastKnownFileType = sourcecode.swift; path = MaterialButton.swift; sourceTree = "<group>"; };
		91A30EFF1C7194E200491BE1 /* MaterialTextField.swift */ = {isa = PBXFileReference; fileEncoding = 4; lastKnownFileType = sourcecode.swift; path = MaterialTextField.swift; sourceTree = "<group>"; };
		91A30F021C719F2C00491BE1 /* Bolts.framework */ = {isa = PBXFileReference; lastKnownFileType = wrapper.framework; path = Bolts.framework; sourceTree = "<group>"; };
		91A30F031C719F2C00491BE1 /* FBSDKCoreKit.framework */ = {isa = PBXFileReference; lastKnownFileType = wrapper.framework; path = FBSDKCoreKit.framework; sourceTree = "<group>"; };
		91A30F041C719F2C00491BE1 /* FBSDKLoginKit.framework */ = {isa = PBXFileReference; lastKnownFileType = wrapper.framework; path = FBSDKLoginKit.framework; sourceTree = "<group>"; };
/* End PBXFileReference section */

/* Begin PBXFrameworksBuildPhase section */
		91A30EB81C717EED00491BE1 /* Frameworks */ = {
			isa = PBXFrameworksBuildPhase;
			buildActionMask = 2147483647;
			files = (
				91A30F051C719F2C00491BE1 /* Bolts.framework in Frameworks */,
				91A30F061C719F2C00491BE1 /* FBSDKCoreKit.framework in Frameworks */,
				91A30F071C719F2C00491BE1 /* FBSDKLoginKit.framework in Frameworks */,
				64AA3AE014E61BE0A14344BD /* Pods_In_Moment.framework in Frameworks */,
			);
			runOnlyForDeploymentPostprocessing = 0;
		};
		91A30ECC1C717EEE00491BE1 /* Frameworks */ = {
			isa = PBXFrameworksBuildPhase;
			buildActionMask = 2147483647;
			files = (
			);
			runOnlyForDeploymentPostprocessing = 0;
		};
		91A30ED71C717EEE00491BE1 /* Frameworks */ = {
			isa = PBXFrameworksBuildPhase;
			buildActionMask = 2147483647;
			files = (
			);
			runOnlyForDeploymentPostprocessing = 0;
		};
/* End PBXFrameworksBuildPhase section */

/* Begin PBXGroup section */
		10459EC25832BC9F457C68CC /* Pods */ = {
			isa = PBXGroup;
			children = (
				4D09CA006CE2E363811D474B /* Pods-In Moment.debug.xcconfig */,
				7DCB4BAF2AE2946C319D0D07 /* Pods-In Moment.release.xcconfig */,
			);
			name = Pods;
			sourceTree = "<group>";
		};
		6FED48D716604D3DC985A3E0 /* Frameworks */ = {
			isa = PBXGroup;
			children = (
				4EC34076222D1D1F5FFF1971 /* Pods_In_Moment.framework */,
			);
			name = Frameworks;
			sourceTree = "<group>";
		};
		914166AA1C72AF7200229962 /* Services */ = {
			isa = PBXGroup;
			children = (
				914166AB1C72AF9100229962 /* DataService.swift */,
			);
			name = Services;
			sourceTree = "<group>";
		};
		91A30EB21C717EED00491BE1 = {
			isa = PBXGroup;
			children = (
				91A30EBD1C717EED00491BE1 /* In Moment */,
				91A30ED21C717EEE00491BE1 /* In MomentTests */,
				91A30EDD1C717EEE00491BE1 /* In MomentUITests */,
				91A30EBC1C717EED00491BE1 /* Products */,
				10459EC25832BC9F457C68CC /* Pods */,
				6FED48D716604D3DC985A3E0 /* Frameworks */,
			);
			sourceTree = "<group>";
		};
		91A30EBC1C717EED00491BE1 /* Products */ = {
			isa = PBXGroup;
			children = (
				91A30EBB1C717EED00491BE1 /* In Moment.app */,
				91A30ECF1C717EEE00491BE1 /* In MomentTests.xctest */,
				91A30EDA1C717EEE00491BE1 /* In MomentUITests.xctest */,
			);
			name = Products;
			sourceTree = "<group>";
		};
		91A30EBD1C717EED00491BE1 /* In Moment */ = {
			isa = PBXGroup;
			children = (
				914166AA1C72AF7200229962 /* Services */,
				91A30F011C719EF900491BE1 /* Frameworks */,
				91A30EFA1C71858C00491BE1 /* Util */,
				91A30EEF1C717FA800491BE1 /* Resources */,
				91A30EEE1C717F9B00491BE1 /* Model */,
				91A30EED1C717F9100491BE1 /* View */,
				91A30EEC1C717F8B00491BE1 /* Controller */,
				91A30EBE1C717EED00491BE1 /* AppDelegate.swift */,
				91A30EC01C717EED00491BE1 /* ViewController.swift */,
				91A30EC21C717EED00491BE1 /* Main.storyboard */,
				91A30EC51C717EED00491BE1 /* Assets.xcassets */,
				91A30EC71C717EED00491BE1 /* LaunchScreen.storyboard */,
				91A30ECA1C717EED00491BE1 /* Info.plist */,
			);
			path = "In Moment";
			sourceTree = "<group>";
		};
		91A30ED21C717EEE00491BE1 /* In MomentTests */ = {
			isa = PBXGroup;
			children = (
				91A30ED31C717EEE00491BE1 /* In_MomentTests.swift */,
				91A30ED51C717EEE00491BE1 /* Info.plist */,
			);
			path = "In MomentTests";
			sourceTree = "<group>";
		};
		91A30EDD1C717EEE00491BE1 /* In MomentUITests */ = {
			isa = PBXGroup;
			children = (
				91A30EDE1C717EEE00491BE1 /* In_MomentUITests.swift */,
				91A30EE01C717EEE00491BE1 /* Info.plist */,
			);
			path = "In MomentUITests";
			sourceTree = "<group>";
		};
		91A30EEC1C717F8B00491BE1 /* Controller */ = {
			isa = PBXGroup;
			children = (
			);
			name = Controller;
			sourceTree = "<group>";
		};
		91A30EED1C717F9100491BE1 /* View */ = {
			isa = PBXGroup;
			children = (
				91A30EF81C71849200491BE1 /* MaterialView.swift */,
				91A30EFD1C718CA100491BE1 /* MaterialButton.swift */,
				91A30EFF1C7194E200491BE1 /* MaterialTextField.swift */,
			);
			name = View;
			sourceTree = "<group>";
		};
		91A30EEE1C717F9B00491BE1 /* Model */ = {
			isa = PBXGroup;
			children = (
			);
			name = Model;
			sourceTree = "<group>";
		};
		91A30EEF1C717FA800491BE1 /* Resources */ = {
			isa = PBXGroup;
			children = (
				91A30EF01C717FE700491BE1 /* NotoSans-Bold.ttf */,
				91A30EF11C717FE700491BE1 /* NotoSans-BoldItalic.ttf */,
				91A30EF21C717FE700491BE1 /* NotoSans-Italic.ttf */,
				91A30EF31C717FE700491BE1 /* NotoSans-Regular.ttf */,
			);
			name = Resources;
			sourceTree = "<group>";
		};
		91A30EFA1C71858C00491BE1 /* Util */ = {
			isa = PBXGroup;
			children = (
				91A30EFB1C7185B300491BE1 /* Constants.swift */,
			);
			name = Util;
			sourceTree = "<group>";
		};
		91A30F011C719EF900491BE1 /* Frameworks */ = {
			isa = PBXGroup;
			children = (
				91A30F021C719F2C00491BE1 /* Bolts.framework */,
				91A30F031C719F2C00491BE1 /* FBSDKCoreKit.framework */,
				91A30F041C719F2C00491BE1 /* FBSDKLoginKit.framework */,
			);
			name = Frameworks;
			sourceTree = "<group>";
		};
/* End PBXGroup section */

/* Begin PBXNativeTarget section */
		91A30EBA1C717EED00491BE1 /* In Moment */ = {
			isa = PBXNativeTarget;
			buildConfigurationList = 91A30EE31C717EEE00491BE1 /* Build configuration list for PBXNativeTarget "In Moment" */;
			buildPhases = (
				D68D6D8FF682AAF858460944 /* Check Pods Manifest.lock */,
				91A30EB71C717EED00491BE1 /* Sources */,
				91A30EB81C717EED00491BE1 /* Frameworks */,
				91A30EB91C717EED00491BE1 /* Resources */,
				5BA72672772EE36C9AB3A83F /* Embed Pods Frameworks */,
				667880A4928D242184882BBA /* Copy Pods Resources */,
			);
			buildRules = (
			);
			dependencies = (
			);
			name = "In Moment";
			productName = "In Moment";
			productReference = 91A30EBB1C717EED00491BE1 /* In Moment.app */;
			productType = "com.apple.product-type.application";
		};
		91A30ECE1C717EEE00491BE1 /* In MomentTests */ = {
			isa = PBXNativeTarget;
			buildConfigurationList = 91A30EE61C717EEE00491BE1 /* Build configuration list for PBXNativeTarget "In MomentTests" */;
			buildPhases = (
				91A30ECB1C717EEE00491BE1 /* Sources */,
				91A30ECC1C717EEE00491BE1 /* Frameworks */,
				91A30ECD1C717EEE00491BE1 /* Resources */,
			);
			buildRules = (
			);
			dependencies = (
				91A30ED11C717EEE00491BE1 /* PBXTargetDependency */,
			);
			name = "In MomentTests";
			productName = "In MomentTests";
			productReference = 91A30ECF1C717EEE00491BE1 /* In MomentTests.xctest */;
			productType = "com.apple.product-type.bundle.unit-test";
		};
		91A30ED91C717EEE00491BE1 /* In MomentUITests */ = {
			isa = PBXNativeTarget;
			buildConfigurationList = 91A30EE91C717EEE00491BE1 /* Build configuration list for PBXNativeTarget "In MomentUITests" */;
			buildPhases = (
				91A30ED61C717EEE00491BE1 /* Sources */,
				91A30ED71C717EEE00491BE1 /* Frameworks */,
				91A30ED81C717EEE00491BE1 /* Resources */,
			);
			buildRules = (
			);
			dependencies = (
				91A30EDC1C717EEE00491BE1 /* PBXTargetDependency */,
			);
			name = "In MomentUITests";
			productName = "In MomentUITests";
			productReference = 91A30EDA1C717EEE00491BE1 /* In MomentUITests.xctest */;
			productType = "com.apple.product-type.bundle.ui-testing";
		};
/* End PBXNativeTarget section */

/* Begin PBXProject section */
		91A30EB31C717EED00491BE1 /* Project object */ = {
			isa = PBXProject;
			attributes = {
				LastSwiftUpdateCheck = 0720;
				LastUpgradeCheck = 0720;
				ORGANIZATIONNAME = "Stanley Pan";
				TargetAttributes = {
					91A30EBA1C717EED00491BE1 = {
						CreatedOnToolsVersion = 7.2.1;
						DevelopmentTeam = P48JT8XFF3;
					};
					91A30ECE1C717EEE00491BE1 = {
						CreatedOnToolsVersion = 7.2.1;
						DevelopmentTeam = P48JT8XFF3;
						TestTargetID = 91A30EBA1C717EED00491BE1;
					};
					91A30ED91C717EEE00491BE1 = {
						CreatedOnToolsVersion = 7.2.1;
						DevelopmentTeam = P48JT8XFF3;
						TestTargetID = 91A30EBA1C717EED00491BE1;
					};
				};
			};
			buildConfigurationList = 91A30EB61C717EED00491BE1 /* Build configuration list for PBXProject "In Moment" */;
			compatibilityVersion = "Xcode 3.2";
			developmentRegion = English;
			hasScannedForEncodings = 0;
			knownRegions = (
				en,
				Base,
			);
			mainGroup = 91A30EB21C717EED00491BE1;
			productRefGroup = 91A30EBC1C717EED00491BE1 /* Products */;
			projectDirPath = "";
			projectRoot = "";
			targets = (
				91A30EBA1C717EED00491BE1 /* In Moment */,
				91A30ECE1C717EEE00491BE1 /* In MomentTests */,
				91A30ED91C717EEE00491BE1 /* In MomentUITests */,
			);
		};
/* End PBXProject section */

/* Begin PBXResourcesBuildPhase section */
		91A30EB91C717EED00491BE1 /* Resources */ = {
			isa = PBXResourcesBuildPhase;
			buildActionMask = 2147483647;
			files = (
				91A30EF41C717FE700491BE1 /* NotoSans-Bold.ttf in Resources */,
				91A30EC91C717EED00491BE1 /* LaunchScreen.storyboard in Resources */,
				91A30EF51C717FE700491BE1 /* NotoSans-BoldItalic.ttf in Resources */,
				91A30EF61C717FE700491BE1 /* NotoSans-Italic.ttf in Resources */,
				91A30EC61C717EED00491BE1 /* Assets.xcassets in Resources */,
				91A30EC41C717EED00491BE1 /* Main.storyboard in Resources */,
				91A30EF71C717FE700491BE1 /* NotoSans-Regular.ttf in Resources */,
			);
			runOnlyForDeploymentPostprocessing = 0;
		};
		91A30ECD1C717EEE00491BE1 /* Resources */ = {
			isa = PBXResourcesBuildPhase;
			buildActionMask = 2147483647;
			files = (
			);
			runOnlyForDeploymentPostprocessing = 0;
		};
		91A30ED81C717EEE00491BE1 /* Resources */ = {
			isa = PBXResourcesBuildPhase;
			buildActionMask = 2147483647;
			files = (
			);
			runOnlyForDeploymentPostprocessing = 0;
		};
/* End PBXResourcesBuildPhase section */

/* Begin PBXShellScriptBuildPhase section */
		5BA72672772EE36C9AB3A83F /* Embed Pods Frameworks */ = {
			isa = PBXShellScriptBuildPhase;
			buildActionMask = 2147483647;
			files = (
			);
			inputPaths = (
			);
			name = "Embed Pods Frameworks";
			outputPaths = (
			);
			runOnlyForDeploymentPostprocessing = 0;
			shellPath = /bin/sh;
			shellScript = "\"${SRCROOT}/Pods/Target Support Files/Pods-In Moment/Pods-In Moment-frameworks.sh\"\n";
			showEnvVarsInLog = 0;
		};
		667880A4928D242184882BBA /* Copy Pods Resources */ = {
			isa = PBXShellScriptBuildPhase;
			buildActionMask = 2147483647;
			files = (
			);
			inputPaths = (
			);
			name = "Copy Pods Resources";
			outputPaths = (
			);
			runOnlyForDeploymentPostprocessing = 0;
			shellPath = /bin/sh;
			shellScript = "\"${SRCROOT}/Pods/Target Support Files/Pods-In Moment/Pods-In Moment-resources.sh\"\n";
			showEnvVarsInLog = 0;
		};
		D68D6D8FF682AAF858460944 /* Check Pods Manifest.lock */ = {
			isa = PBXShellScriptBuildPhase;
			buildActionMask = 2147483647;
			files = (
			);
			inputPaths = (
			);
			name = "Check Pods Manifest.lock";
			outputPaths = (
			);
			runOnlyForDeploymentPostprocessing = 0;
			shellPath = /bin/sh;
			shellScript = "diff \"${PODS_ROOT}/../Podfile.lock\" \"${PODS_ROOT}/Manifest.lock\" > /dev/null\nif [[ $? != 0 ]] ; then\n    cat << EOM\nerror: The sandbox is not in sync with the Podfile.lock. Run 'pod install' or update your CocoaPods installation.\nEOM\n    exit 1\nfi\n";
			showEnvVarsInLog = 0;
		};
/* End PBXShellScriptBuildPhase section */

/* Begin PBXSourcesBuildPhase section */
		91A30EB71C717EED00491BE1 /* Sources */ = {
			isa = PBXSourcesBuildPhase;
			buildActionMask = 2147483647;
			files = (
				91A30F001C7194E200491BE1 /* MaterialTextField.swift in Sources */,
				914166AC1C72AF9100229962 /* DataService.swift in Sources */,
				91A30EF91C71849200491BE1 /* MaterialView.swift in Sources */,
				91A30EC11C717EED00491BE1 /* ViewController.swift in Sources */,
				91A30EBF1C717EED00491BE1 /* AppDelegate.swift in Sources */,
				91A30EFC1C7185B300491BE1 /* Constants.swift in Sources */,
				91A30EFE1C718CA100491BE1 /* MaterialButton.swift in Sources */,
			);
			runOnlyForDeploymentPostprocessing = 0;
		};
		91A30ECB1C717EEE00491BE1 /* Sources */ = {
			isa = PBXSourcesBuildPhase;
			buildActionMask = 2147483647;
			files = (
				91A30ED41C717EEE00491BE1 /* In_MomentTests.swift in Sources */,
			);
			runOnlyForDeploymentPostprocessing = 0;
		};
		91A30ED61C717EEE00491BE1 /* Sources */ = {
			isa = PBXSourcesBuildPhase;
			buildActionMask = 2147483647;
			files = (
				91A30EDF1C717EEE00491BE1 /* In_MomentUITests.swift in Sources */,
			);
			runOnlyForDeploymentPostprocessing = 0;
		};
/* End PBXSourcesBuildPhase section */

/* Begin PBXTargetDependency section */
		91A30ED11C717EEE00491BE1 /* PBXTargetDependency */ = {
			isa = PBXTargetDependency;
			target = 91A30EBA1C717EED00491BE1 /* In Moment */;
			targetProxy = 91A30ED01C717EEE00491BE1 /* PBXContainerItemProxy */;
		};
		91A30EDC1C717EEE00491BE1 /* PBXTargetDependency */ = {
			isa = PBXTargetDependency;
			target = 91A30EBA1C717EED00491BE1 /* In Moment */;
			targetProxy = 91A30EDB1C717EEE00491BE1 /* PBXContainerItemProxy */;
		};
/* End PBXTargetDependency section */

/* Begin PBXVariantGroup section */
		91A30EC21C717EED00491BE1 /* Main.storyboard */ = {
			isa = PBXVariantGroup;
			children = (
				91A30EC31C717EED00491BE1 /* Base */,
			);
			name = Main.storyboard;
			sourceTree = "<group>";
		};
		91A30EC71C717EED00491BE1 /* LaunchScreen.storyboard */ = {
			isa = PBXVariantGroup;
			children = (
				91A30EC81C717EED00491BE1 /* Base */,
			);
			name = LaunchScreen.storyboard;
			sourceTree = "<group>";
		};
/* End PBXVariantGroup section */

/* Begin XCBuildConfiguration section */
		91A30EE11C717EEE00491BE1 /* Debug */ = {
			isa = XCBuildConfiguration;
			buildSettings = {
				ALWAYS_SEARCH_USER_PATHS = NO;
				CLANG_CXX_LANGUAGE_STANDARD = "gnu++0x";
				CLANG_CXX_LIBRARY = "libc++";
				CLANG_ENABLE_MODULES = YES;
				CLANG_ENABLE_OBJC_ARC = YES;
				CLANG_WARN_BOOL_CONVERSION = YES;
				CLANG_WARN_CONSTANT_CONVERSION = YES;
				CLANG_WARN_DIRECT_OBJC_ISA_USAGE = YES_ERROR;
				CLANG_WARN_EMPTY_BODY = YES;
				CLANG_WARN_ENUM_CONVERSION = YES;
				CLANG_WARN_INT_CONVERSION = YES;
				CLANG_WARN_OBJC_ROOT_CLASS = YES_ERROR;
				CLANG_WARN_UNREACHABLE_CODE = YES;
				CLANG_WARN__DUPLICATE_METHOD_MATCH = YES;
				"CODE_SIGN_IDENTITY[sdk=iphoneos*]" = "iPhone Developer";
				COPY_PHASE_STRIP = NO;
				DEBUG_INFORMATION_FORMAT = dwarf;
				ENABLE_STRICT_OBJC_MSGSEND = YES;
				ENABLE_TESTABILITY = YES;
				GCC_C_LANGUAGE_STANDARD = gnu99;
				GCC_DYNAMIC_NO_PIC = NO;
				GCC_NO_COMMON_BLOCKS = YES;
				GCC_OPTIMIZATION_LEVEL = 0;
				GCC_PREPROCESSOR_DEFINITIONS = (
					"DEBUG=1",
					"$(inherited)",
				);
				GCC_WARN_64_TO_32_BIT_CONVERSION = YES;
				GCC_WARN_ABOUT_RETURN_TYPE = YES_ERROR;
				GCC_WARN_UNDECLARED_SELECTOR = YES;
				GCC_WARN_UNINITIALIZED_AUTOS = YES_AGGRESSIVE;
				GCC_WARN_UNUSED_FUNCTION = YES;
				GCC_WARN_UNUSED_VARIABLE = YES;
				IPHONEOS_DEPLOYMENT_TARGET = 9.2;
				MTL_ENABLE_DEBUG_INFO = YES;
				ONLY_ACTIVE_ARCH = YES;
				SDKROOT = iphoneos;
				SWIFT_OPTIMIZATION_LEVEL = "-Onone";
				TARGETED_DEVICE_FAMILY = "1,2";
			};
			name = Debug;
		};
		91A30EE21C717EEE00491BE1 /* Release */ = {
			isa = XCBuildConfiguration;
			buildSettings = {
				ALWAYS_SEARCH_USER_PATHS = NO;
				CLANG_CXX_LANGUAGE_STANDARD = "gnu++0x";
				CLANG_CXX_LIBRARY = "libc++";
				CLANG_ENABLE_MODULES = YES;
				CLANG_ENABLE_OBJC_ARC = YES;
				CLANG_WARN_BOOL_CONVERSION = YES;
				CLANG_WARN_CONSTANT_CONVERSION = YES;
				CLANG_WARN_DIRECT_OBJC_ISA_USAGE = YES_ERROR;
				CLANG_WARN_EMPTY_BODY = YES;
				CLANG_WARN_ENUM_CONVERSION = YES;
				CLANG_WARN_INT_CONVERSION = YES;
				CLANG_WARN_OBJC_ROOT_CLASS = YES_ERROR;
				CLANG_WARN_UNREACHABLE_CODE = YES;
				CLANG_WARN__DUPLICATE_METHOD_MATCH = YES;
				"CODE_SIGN_IDENTITY[sdk=iphoneos*]" = "iPhone Developer";
				COPY_PHASE_STRIP = NO;
				DEBUG_INFORMATION_FORMAT = "dwarf-with-dsym";
				ENABLE_NS_ASSERTIONS = NO;
				ENABLE_STRICT_OBJC_MSGSEND = YES;
				GCC_C_LANGUAGE_STANDARD = gnu99;
				GCC_NO_COMMON_BLOCKS = YES;
				GCC_WARN_64_TO_32_BIT_CONVERSION = YES;
				GCC_WARN_ABOUT_RETURN_TYPE = YES_ERROR;
				GCC_WARN_UNDECLARED_SELECTOR = YES;
				GCC_WARN_UNINITIALIZED_AUTOS = YES_AGGRESSIVE;
				GCC_WARN_UNUSED_FUNCTION = YES;
				GCC_WARN_UNUSED_VARIABLE = YES;
				IPHONEOS_DEPLOYMENT_TARGET = 9.2;
				MTL_ENABLE_DEBUG_INFO = NO;
				SDKROOT = iphoneos;
				TARGETED_DEVICE_FAMILY = "1,2";
				VALIDATE_PRODUCT = YES;
			};
			name = Release;
		};
		91A30EE41C717EEE00491BE1 /* Debug */ = {
			isa = XCBuildConfiguration;
			baseConfigurationReference = 4D09CA006CE2E363811D474B /* Pods-In Moment.debug.xcconfig */;
			buildSettings = {
				ASSETCATALOG_COMPILER_APPICON_NAME = AppIcon;
				ENABLE_BITCODE = NO;
				FRAMEWORK_SEARCH_PATHS = (
					"$(inherited)",
					"$(PROJECT_DIR)/\"In Moment\"",
				);
				INFOPLIST_FILE = "In Moment/Info.plist";
				LD_RUNPATH_SEARCH_PATHS = "$(inherited) @executable_path/Frameworks";
				MTL_ENABLE_DEBUG_INFO = YES;
				PRODUCT_BUNDLE_IDENTIFIER = "com.github.iMoment.In-Moment";
				PRODUCT_NAME = "$(TARGET_NAME)";
			};
			name = Debug;
		};
		91A30EE51C717EEE00491BE1 /* Release */ = {
			isa = XCBuildConfiguration;
			baseConfigurationReference = 7DCB4BAF2AE2946C319D0D07 /* Pods-In Moment.release.xcconfig */;
			buildSettings = {
				ASSETCATALOG_COMPILER_APPICON_NAME = AppIcon;
				ENABLE_BITCODE = NO;
				FRAMEWORK_SEARCH_PATHS = (
					"$(inherited)",
					"$(PROJECT_DIR)/\"In Moment\"",
				);
				INFOPLIST_FILE = "In Moment/Info.plist";
				LD_RUNPATH_SEARCH_PATHS = "$(inherited) @executable_path/Frameworks";
				MTL_ENABLE_DEBUG_INFO = NO;
				PRODUCT_BUNDLE_IDENTIFIER = "com.github.iMoment.In-Moment";
				PRODUCT_NAME = "$(TARGET_NAME)";
			};
			name = Release;
		};
		91A30EE71C717EEE00491BE1 /* Debug */ = {
			isa = XCBuildConfiguration;
			buildSettings = {
				BUNDLE_LOADER = "$(TEST_HOST)";
				INFOPLIST_FILE = "In MomentTests/Info.plist";
				LD_RUNPATH_SEARCH_PATHS = "$(inherited) @executable_path/Frameworks @loader_path/Frameworks";
				PRODUCT_BUNDLE_IDENTIFIER = "com.github.iMoment.In-MomentTests";
				PRODUCT_NAME = "$(TARGET_NAME)";
				TEST_HOST = "$(BUILT_PRODUCTS_DIR)/In Moment.app/In Moment";
			};
			name = Debug;
		};
		91A30EE81C717EEE00491BE1 /* Release */ = {
			isa = XCBuildConfiguration;
			buildSettings = {
				BUNDLE_LOADER = "$(TEST_HOST)";
				INFOPLIST_FILE = "In MomentTests/Info.plist";
				LD_RUNPATH_SEARCH_PATHS = "$(inherited) @executable_path/Frameworks @loader_path/Frameworks";
				PRODUCT_BUNDLE_IDENTIFIER = "com.github.iMoment.In-MomentTests";
				PRODUCT_NAME = "$(TARGET_NAME)";
				TEST_HOST = "$(BUILT_PRODUCTS_DIR)/In Moment.app/In Moment";
			};
			name = Release;
		};
		91A30EEA1C717EEE00491BE1 /* Debug */ = {
			isa = XCBuildConfiguration;
			buildSettings = {
				INFOPLIST_FILE = "In MomentUITests/Info.plist";
				LD_RUNPATH_SEARCH_PATHS = "$(inherited) @executable_path/Frameworks @loader_path/Frameworks";
				PRODUCT_BUNDLE_IDENTIFIER = "com.github.iMoment.In-MomentUITests";
				PRODUCT_NAME = "$(TARGET_NAME)";
				TEST_TARGET_NAME = "In Moment";
				USES_XCTRUNNER = YES;
			};
			name = Debug;
		};
		91A30EEB1C717EEE00491BE1 /* Release */ = {
			isa = XCBuildConfiguration;
			buildSettings = {
				INFOPLIST_FILE = "In MomentUITests/Info.plist";
				LD_RUNPATH_SEARCH_PATHS = "$(inherited) @executable_path/Frameworks @loader_path/Frameworks";
				PRODUCT_BUNDLE_IDENTIFIER = "com.github.iMoment.In-MomentUITests";
				PRODUCT_NAME = "$(TARGET_NAME)";
				TEST_TARGET_NAME = "In Moment";
				USES_XCTRUNNER = YES;
			};
			name = Release;
		};
/* End XCBuildConfiguration section */

/* Begin XCConfigurationList section */
		91A30EB61C717EED00491BE1 /* Build configuration list for PBXProject "In Moment" */ = {
			isa = XCConfigurationList;
			buildConfigurations = (
				91A30EE11C717EEE00491BE1 /* Debug */,
				91A30EE21C717EEE00491BE1 /* Release */,
			);
			defaultConfigurationIsVisible = 0;
			defaultConfigurationName = Release;
		};
		91A30EE31C717EEE00491BE1 /* Build configuration list for PBXNativeTarget "In Moment" */ = {
			isa = XCConfigurationList;
			buildConfigurations = (
				91A30EE41C717EEE00491BE1 /* Debug */,
				91A30EE51C717EEE00491BE1 /* Release */,
			);
			defaultConfigurationIsVisible = 0;
			defaultConfigurationName = Release;
		};
		91A30EE61C717EEE00491BE1 /* Build configuration list for PBXNativeTarget "In MomentTests" */ = {
			isa = XCConfigurationList;
			buildConfigurations = (
				91A30EE71C717EEE00491BE1 /* Debug */,
				91A30EE81C717EEE00491BE1 /* Release */,
			);
			defaultConfigurationIsVisible = 0;
			defaultConfigurationName = Release;
		};
		91A30EE91C717EEE00491BE1 /* Build configuration list for PBXNativeTarget "In MomentUITests" */ = {
			isa = XCConfigurationList;
			buildConfigurations = (
				91A30EEA1C717EEE00491BE1 /* Debug */,
				91A30EEB1C717EEE00491BE1 /* Release */,
			);
			defaultConfigurationIsVisible = 0;
			defaultConfigurationName = Release;
		};
/* End XCConfigurationList section */
	};
	rootObject = 91A30EB31C717EED00491BE1 /* Project object */;
}
